
Microsoft Visual Studio Solution File, Format Version 12.00
# Visual Studio 15
VisualStudioVersion = 15.0.27703.2026
MinimumVisualStudioVersion = 10.0.40219.1
Project("{FAE04EC0-301F-11D3-BF4B-00C04F79EFBC}") = "RazorWebProject", "RazorWebProject\RazorWebProject.csproj", "{75B380EA-EE4B-4B4F-9239-235BE5CDA5BD}"
EndProject
Global
	GlobalSection(SolutionConfigurationPlatforms) = preSolution
		Debug|Any CPU = Debug|Any CPU
		Release|Any CPU = Release|Any CPU
	EndGlobalSection
	GlobalSection(ProjectConfigurationPlatforms) = postSolution
		{75B380EA-EE4B-4B4F-9239-235BE5CDA5BD}.Debug|Any CPU.ActiveCfg = Debug|Any CPU
		{75B380EA-EE4B-4B4F-9239-235BE5CDA5BD}.Debug|Any CPU.Build.0 = Debug|Any CPU
		{75B380EA-EE4B-4B4F-9239-235BE5CDA5BD}.Release|Any CPU.ActiveCfg = Release|Any CPU
		{75B380EA-EE4B-4B4F-9239-235BE5CDA5BD}.Release|Any CPU.Build.0 = Release|Any CPU
	EndGlobalSection
	GlobalSection(SolutionProperties) = preSolution
		HideSolutionNode = FALSE
	EndGlobalSection
	GlobalSection(ExtensibilityGlobals) = postSolution
		SolutionGuid = {114D5CED-0D94-44D9-9076-A01FA9E82091}
	EndGlobalSection
EndGlobal
